
Microsoft Visual Studio Solution File, Format Version 12.00
# Visual Studio Version 17
VisualStudioVersion = 17.0.32126.317
MinimumVisualStudioVersion = 10.0.40219.1
Project("{FAE04EC0-301F-11D3-BF4B-00C04F79EFBC}") = "PartOne", "TaskFive\PartOne.csproj", "{74D336F4-B9FC-4623-B955-803D3DE49B4A}"
EndProject
Project("{FAE04EC0-301F-11D3-BF4B-00C04F79EFBC}") = "PartTwo", "PartTwo\PartTwo.csproj", "{47D216CC-1BEA-41BC-B240-56C918BB968B}"
EndProject
Global
	GlobalSection(SolutionConfigurationPlatforms) = preSolution
		Debug|Any CPU = Debug|Any CPU
		Release|Any CPU = Release|Any CPU
	EndGlobalSection
	GlobalSection(ProjectConfigurationPlatforms) = postSolution
		{74D336F4-B9FC-4623-B955-803D3DE49B4A}.Debug|Any CPU.ActiveCfg = Debug|Any CPU
		{74D336F4-B9FC-4623-B955-803D3DE49B4A}.Debug|Any CPU.Build.0 = Debug|Any CPU
		{74D336F4-B9FC-4623-B955-803D3DE49B4A}.Release|Any CPU.ActiveCfg = Release|Any CPU
		{74D336F4-B9FC-4623-B955-803D3DE49B4A}.Release|Any CPU.Build.0 = Release|Any CPU
		{47D216CC-1BEA-41BC-B240-56C918BB968B}.Debug|Any CPU.ActiveCfg = Debug|Any CPU
		{47D216CC-1BEA-41BC-B240-56C918BB968B}.Debug|Any CPU.Build.0 = Debug|Any CPU
		{47D216CC-1BEA-41BC-B240-56C918BB968B}.Release|Any CPU.ActiveCfg = Release|Any CPU
		{47D216CC-1BEA-41BC-B240-56C918BB968B}.Release|Any CPU.Build.0 = Release|Any CPU
	EndGlobalSection
	GlobalSection(SolutionProperties) = preSolution
		HideSolutionNode = FALSE
	EndGlobalSection
	GlobalSection(ExtensibilityGlobals) = postSolution
		SolutionGuid = {F868972A-E435-44F6-AF76-B871F3B419B4}
	EndGlobalSection
EndGlobal
